
Microsoft Visual Studio Solution File, Format Version 12.00
# Visual Studio 2013
VisualStudioVersion = 12.0.30915.1
MinimumVisualStudioVersion = 10.0.40219.1
Project("{FAE04EC0-301F-11D3-BF4B-00C04F79EFBC}") = "RelentlessZero", "RelentlessZero\RelentlessZero.csproj", "{93CB2038-1679-49C8-AF62-E3E181F9EE60}"
EndProject
Global
	GlobalSection(SolutionConfigurationPlatforms) = preSolution
		Debug|Any CPU = Debug|Any CPU
		Release|Any CPU = Release|Any CPU
	EndGlobalSection
	GlobalSection(ProjectConfigurationPlatforms) = postSolution
		{93CB2038-1679-49C8-AF62-E3E181F9EE60}.Debug|Any CPU.ActiveCfg = Debug|Any CPU
		{93CB2038-1679-49C8-AF62-E3E181F9EE60}.Debug|Any CPU.Build.0 = Debug|Any CPU
		{93CB2038-1679-49C8-AF62-E3E181F9EE60}.Release|Any CPU.ActiveCfg = Release|Any CPU
		{93CB2038-1679-49C8-AF62-E3E181F9EE60}.Release|Any CPU.Build.0 = Release|Any CPU
	EndGlobalSection
	GlobalSection(SolutionProperties) = preSolution
		HideSolutionNode = FALSE
	EndGlobalSection
EndGlobal
